
Microsoft Visual Studio Solution File, Format Version 12.00
# Visual Studio 15
VisualStudioVersion = 15.0.28307.1231
MinimumVisualStudioVersion = 10.0.40219.1
Project("{FAE04EC0-301F-11D3-BF4B-00C04F79EFBC}") = "CST Transfer UI Project", "CST Transfer UI Project\CST Transfer UI Project.csproj", "{7F43380E-7592-41F5-97B7-9C7766FA7A59}"
EndProject
Global
	GlobalSection(SolutionConfigurationPlatforms) = preSolution
		Debug|Any CPU = Debug|Any CPU
		Release|Any CPU = Release|Any CPU
	EndGlobalSection
	GlobalSection(ProjectConfigurationPlatforms) = postSolution
		{7F43380E-7592-41F5-97B7-9C7766FA7A59}.Debug|Any CPU.ActiveCfg = Debug|Any CPU
		{7F43380E-7592-41F5-97B7-9C7766FA7A59}.Debug|Any CPU.Build.0 = Debug|Any CPU
		{7F43380E-7592-41F5-97B7-9C7766FA7A59}.Release|Any CPU.ActiveCfg = Release|Any CPU
		{7F43380E-7592-41F5-97B7-9C7766FA7A59}.Release|Any CPU.Build.0 = Release|Any CPU
	EndGlobalSection
	GlobalSection(SolutionProperties) = preSolution
		HideSolutionNode = FALSE
	EndGlobalSection
	GlobalSection(ExtensibilityGlobals) = postSolution
		SolutionGuid = {5C027824-9EC7-4799-8DD3-7BB1C8FDD66A}
	EndGlobalSection
EndGlobal
